
Microsoft Visual Studio Solution File, Format Version 12.00
# Visual Studio Version 16
VisualStudioVersion = 16.0.31515.178
MinimumVisualStudioVersion = 10.0.40219.1
Project("{FAE04EC0-301F-11D3-BF4B-00C04F79EFBC}") = "kwalifikacja_w_zawodzie_zadanie1", "kwalifikacja_w_zawodzie_zadanie1\kwalifikacja_w_zawodzie_zadanie1.csproj", "{42E47C28-3CF9-4E15-B170-06271F673659}"
EndProject
Global
	GlobalSection(SolutionConfigurationPlatforms) = preSolution
		Debug|Any CPU = Debug|Any CPU
		Release|Any CPU = Release|Any CPU
	EndGlobalSection
	GlobalSection(ProjectConfigurationPlatforms) = postSolution
		{42E47C28-3CF9-4E15-B170-06271F673659}.Debug|Any CPU.ActiveCfg = Debug|Any CPU
		{42E47C28-3CF9-4E15-B170-06271F673659}.Debug|Any CPU.Build.0 = Debug|Any CPU
		{42E47C28-3CF9-4E15-B170-06271F673659}.Release|Any CPU.ActiveCfg = Release|Any CPU
		{42E47C28-3CF9-4E15-B170-06271F673659}.Release|Any CPU.Build.0 = Release|Any CPU
	EndGlobalSection
	GlobalSection(SolutionProperties) = preSolution
		HideSolutionNode = FALSE
	EndGlobalSection
	GlobalSection(ExtensibilityGlobals) = postSolution
		SolutionGuid = {316C9C1D-8F0D-463A-906D-98E032C9E042}
	EndGlobalSection
EndGlobal
